# This file is autogenerated, do not edit; changes may be undone by the next 'dep ensure'.


[[projects]]
  name = "github.com/davecgh/go-spew"
  packages = ["spew"]
  revision = "346938d642f2ec3594ed81d874461961cd0faa76"
  version = "v1.1.0"

[[projects]]
  name = "github.com/pmezard/go-difflib"
  packages = ["difflib"]
  revision = "792786c7400a136282c1664665ae0a8db921c6c2"
  version = "v1.0.0"

[[projects]]
  name = "github.com/stretchr/testify"
  packages = ["assert"]
  revision = "12b6f73e6084dad08a7c6e575284b177ecafbc71"
  version = "v1.2.1"

[[projects]]
  name = "github.com/timtadh/combos"
  packages = ["."]
  revision = "8f75337223504d0fceeb701c3c4a261a13141b61"
  version = "v0.1.0"

[[projects]]
  name = "github.com/timtadh/data-structures"
  packages = ["errors","exc","hashtable","heap","linked","list","pool","rand","set","tree","tree/avl","types"]
  revision = "cd0c1de5390876f92ce0762c9c626a569b124f24"
  version = "v0.5.2"

[[projects]]
  name = "github.com/timtadh/dot"
  packages = ["."]
  revision = "e9efd4e2fa330491e6fa0ab717c796abe8f189f7"
  version = "v0.1.0"

[[projects]]
  branch = "master"
  name = "github.com/timtadh/fs2"
  packages = [".","bptree","consts","errors","fmap","mmlist","slice"]
  revision = "84e943692a83c857f237efc61a8a3805b41b7965"

[[projects]]
  name = "github.com/timtadh/getopt"
  packages = ["."]
  revision = "29f1208d827b977f2e4060ca9923032b34094187"
  version = "v1.0.0"

[[projects]]
  branch = "master"
  name = "github.com/timtadh/goiso"
  packages = [".","bliss"]
  revision = "740a65d0c06dc74c2bb34b07092edaf53398088d"

[[projects]]
  name = "github.com/timtadh/lexmachine"
  packages = [".","dfa","frontend","inst","machines","queue"]
  revision = "1fc6bf654cb92be37fc21e477a19d27f6c639aff"
  version = "v0.2.2"

[[projects]]
  branch = "go1"
  name = "github.com/timtadh/matrix"
  packages = ["."]
  revision = "885f4f61e20339c45aae48900d0666bd4ae63155"
  source = "https://github.com/timtadh/go.matrix"

[solve-meta]
  analyzer-name = "dep"
  analyzer-version = 1
  inputs-digest = "e22488b3ef2c233022354eee1cebc6fde5e60dc5173310c0f32e143498f8c84d"
  solver-name = "gps-cdcl"
  solver-version = 1
